// !$*UTF8*$!
{
	archiveVersion = 1;
	classes = {
	};
	objectVersion = 56;
	objects = {

/* Begin PBXBuildFile section */
		AB47BF272BEA352700553CC7 /* AppDelegate.swift in Sources */ = {isa = PBXBuildFile; fileRef = AB47BF262BEA352700553CC7 /* AppDelegate.swift */; };
		AB47BF292BEA352700553CC7 /* SceneDelegate.swift in Sources */ = {isa = PBXBuildFile; fileRef = AB47BF282BEA352700553CC7 /* SceneDelegate.swift */; };
		AB47BF2B2BEA352700553CC7 /* ViewController.swift in Sources */ = {isa = PBXBuildFile; fileRef = AB47BF2A2BEA352700553CC7 /* ViewController.swift */; };
		AB47BF2E2BEA352700553CC7 /* Base in Resources */ = {isa = PBXBuildFile; fileRef = AB47BF2D2BEA352700553CC7 /* Base */; };
		AB47BF302BEA352800553CC7 /* Assets.xcassets in Resources */ = {isa = PBXBuildFile; fileRef = AB47BF2F2BEA352800553CC7 /* Assets.xcassets */; };
		AB47BF332BEA352800553CC7 /* Base in Resources */ = {isa = PBXBuildFile; fileRef = AB47BF322BEA352800553CC7 /* Base */; };
		AB47BF3B2BEA3A6000553CC7 /* MainVC.swift in Sources */ = {isa = PBXBuildFile; fileRef = AB47BF3A2BEA3A6000553CC7 /* MainVC.swift */; };
		AB47BF3D2BEA3FC900553CC7 /* BookListVC.swift in Sources */ = {isa = PBXBuildFile; fileRef = AB47BF3C2BEA3FC900553CC7 /* BookListVC.swift */; };
		AB47BF3F2BEA570000553CC7 /* TabBarVC.swift in Sources */ = {isa = PBXBuildFile; fileRef = AB47BF3E2BEA570000553CC7 /* TabBarVC.swift */; };
		AB47BF422BEB84A900553CC7 /* MainVCTableCell.swift in Sources */ = {isa = PBXBuildFile; fileRef = AB47BF412BEB84A900553CC7 /* MainVCTableCell.swift */; };
		AB47BF442BEB855800553CC7 /* MainVCCollectionVCell.swift in Sources */ = {isa = PBXBuildFile; fileRef = AB47BF432BEB855800553CC7 /* MainVCCollectionVCell.swift */; };
		AB47BF482BEBAFFC00553CC7 /* SearchResultTableCell.swift in Sources */ = {isa = PBXBuildFile; fileRef = AB47BF472BEBAFFC00553CC7 /* SearchResultTableCell.swift */; };
		AB47BF4A2BEBBDC900553CC7 /* SearchResultCollectionCell.swift in Sources */ = {isa = PBXBuildFile; fileRef = AB47BF492BEBBDC900553CC7 /* SearchResultCollectionCell.swift */; };
		AB47BF4C2BEBD36D00553CC7 /* SavedBookTableViewCell.swift in Sources */ = {isa = PBXBuildFile; fileRef = AB47BF4B2BEBD36D00553CC7 /* SavedBookTableViewCell.swift */; };
		AB47BF4E2BEC846000553CC7 /* DetailVC.swift in Sources */ = {isa = PBXBuildFile; fileRef = AB47BF4D2BEC846000553CC7 /* DetailVC.swift */; };
		AB47BF512BECC23600553CC7 /* Book.swift in Sources */ = {isa = PBXBuildFile; fileRef = AB47BF502BECC23600553CC7 /* Book.swift */; };
		AB47BF532BECC5A200553CC7 /* BookManager.swift in Sources */ = {isa = PBXBuildFile; fileRef = AB47BF522BECC5A200553CC7 /* BookManager.swift */; };
/* End PBXBuildFile section */

/* Begin PBXFileReference section */
		AB47BF232BEA352700553CC7 /* ch5_BookApp.app */ = {isa = PBXFileReference; explicitFileType = wrapper.application; includeInIndex = 0; path = ch5_BookApp.app; sourceTree = BUILT_PRODUCTS_DIR; };
		AB47BF262BEA352700553CC7 /* AppDelegate.swift */ = {isa = PBXFileReference; lastKnownFileType = sourcecode.swift; path = AppDelegate.swift; sourceTree = "<group>"; };
		AB47BF282BEA352700553CC7 /* SceneDelegate.swift */ = {isa = PBXFileReference; lastKnownFileType = sourcecode.swift; path = SceneDelegate.swift; sourceTree = "<group>"; };
		AB47BF2A2BEA352700553CC7 /* ViewController.swift */ = {isa = PBXFileReference; lastKnownFileType = sourcecode.swift; path = ViewController.swift; sourceTree = "<group>"; };
		AB47BF2D2BEA352700553CC7 /* Base */ = {isa = PBXFileReference; lastKnownFileType = file.storyboard; name = Base; path = Base.lproj/Main.storyboard; sourceTree = "<group>"; };
		AB47BF2F2BEA352800553CC7 /* Assets.xcassets */ = {isa = PBXFileReference; lastKnownFileType = folder.assetcatalog; path = Assets.xcassets; sourceTree = "<group>"; };
		AB47BF322BEA352800553CC7 /* Base */ = {isa = PBXFileReference; lastKnownFileType = file.storyboard; name = Base; path = Base.lproj/LaunchScreen.storyboard; sourceTree = "<group>"; };
		AB47BF342BEA352800553CC7 /* Info.plist */ = {isa = PBXFileReference; lastKnownFileType = text.plist.xml; path = Info.plist; sourceTree = "<group>"; };
		AB47BF3A2BEA3A6000553CC7 /* MainVC.swift */ = {isa = PBXFileReference; lastKnownFileType = sourcecode.swift; path = MainVC.swift; sourceTree = "<group>"; };
		AB47BF3C2BEA3FC900553CC7 /* BookListVC.swift */ = {isa = PBXFileReference; lastKnownFileType = sourcecode.swift; path = BookListVC.swift; sourceTree = "<group>"; };
		AB47BF3E2BEA570000553CC7 /* TabBarVC.swift */ = {isa = PBXFileReference; lastKnownFileType = sourcecode.swift; path = TabBarVC.swift; sourceTree = "<group>"; };
		AB47BF412BEB84A900553CC7 /* MainVCTableCell.swift */ = {isa = PBXFileReference; lastKnownFileType = sourcecode.swift; path = MainVCTableCell.swift; sourceTree = "<group>"; };
		AB47BF432BEB855800553CC7 /* MainVCCollectionVCell.swift */ = {isa = PBXFileReference; lastKnownFileType = sourcecode.swift; path = MainVCCollectionVCell.swift; sourceTree = "<group>"; };
		AB47BF472BEBAFFC00553CC7 /* SearchResultTableCell.swift */ = {isa = PBXFileReference; lastKnownFileType = sourcecode.swift; path = SearchResultTableCell.swift; sourceTree = "<group>"; };
		AB47BF492BEBBDC900553CC7 /* SearchResultCollectionCell.swift */ = {isa = PBXFileReference; lastKnownFileType = sourcecode.swift; path = SearchResultCollectionCell.swift; sourceTree = "<group>"; };
		AB47BF4B2BEBD36D00553CC7 /* SavedBookTableViewCell.swift */ = {isa = PBXFileReference; lastKnownFileType = sourcecode.swift; path = SavedBookTableViewCell.swift; sourceTree = "<group>"; };
		AB47BF4D2BEC846000553CC7 /* DetailVC.swift */ = {isa = PBXFileReference; lastKnownFileType = sourcecode.swift; path = DetailVC.swift; sourceTree = "<group>"; };
		AB47BF502BECC23600553CC7 /* Book.swift */ = {isa = PBXFileReference; lastKnownFileType = sourcecode.swift; path = Book.swift; sourceTree = "<group>"; };
		AB47BF522BECC5A200553CC7 /* BookManager.swift */ = {isa = PBXFileReference; lastKnownFileType = sourcecode.swift; path = BookManager.swift; sourceTree = "<group>"; };
/* End PBXFileReference section */

/* Begin PBXFrameworksBuildPhase section */
		AB47BF202BEA352700553CC7 /* Frameworks */ = {
			isa = PBXFrameworksBuildPhase;
			buildActionMask = 2147483647;
			files = (
			);
			runOnlyForDeploymentPostprocessing = 0;
		};
/* End PBXFrameworksBuildPhase section */

/* Begin PBXGroup section */
		AB47BF1A2BEA352700553CC7 = {
			isa = PBXGroup;
			children = (
				AB47BF252BEA352700553CC7 /* ch5_BookApp */,
				AB47BF242BEA352700553CC7 /* Products */,
			);
			sourceTree = "<group>";
		};
		AB47BF242BEA352700553CC7 /* Products */ = {
			isa = PBXGroup;
			children = (
				AB47BF232BEA352700553CC7 /* ch5_BookApp.app */,
			);
			name = Products;
			sourceTree = "<group>";
		};
		AB47BF252BEA352700553CC7 /* ch5_BookApp */ = {
			isa = PBXGroup;
			children = (
				AB47BF262BEA352700553CC7 /* AppDelegate.swift */,
				AB47BF282BEA352700553CC7 /* SceneDelegate.swift */,
				AB47BF4F2BECC21800553CC7 /* Model */,
				AB47BF402BEB848400553CC7 /* Cell */,
				AB47BF3A2BEA3A6000553CC7 /* MainVC.swift */,
				AB47BF3C2BEA3FC900553CC7 /* BookListVC.swift */,
				AB47BF4D2BEC846000553CC7 /* DetailVC.swift */,
				AB47BF3E2BEA570000553CC7 /* TabBarVC.swift */,
				AB47BF2C2BEA352700553CC7 /* Main.storyboard */,
				AB47BF2A2BEA352700553CC7 /* ViewController.swift */,
				AB47BF2F2BEA352800553CC7 /* Assets.xcassets */,
				AB47BF312BEA352800553CC7 /* LaunchScreen.storyboard */,
				AB47BF342BEA352800553CC7 /* Info.plist */,
			);
			path = ch5_BookApp;
			sourceTree = "<group>";
		};
		AB47BF402BEB848400553CC7 /* Cell */ = {
			isa = PBXGroup;
			children = (
				AB47BF462BEBAFAB00553CC7 /* SearchResult */,
				AB47BF452BEBAF9400553CC7 /* RecentBook */,
				AB47BF4B2BEBD36D00553CC7 /* SavedBookTableViewCell.swift */,
			);
			path = Cell;
			sourceTree = "<group>";
		};
		AB47BF452BEBAF9400553CC7 /* RecentBook */ = {
			isa = PBXGroup;
			children = (
				AB47BF412BEB84A900553CC7 /* MainVCTableCell.swift */,
				AB47BF432BEB855800553CC7 /* MainVCCollectionVCell.swift */,
			);
			path = RecentBook;
			sourceTree = "<group>";
		};
		AB47BF462BEBAFAB00553CC7 /* SearchResult */ = {
			isa = PBXGroup;
			children = (
				AB47BF472BEBAFFC00553CC7 /* SearchResultTableCell.swift */,
				AB47BF492BEBBDC900553CC7 /* SearchResultCollectionCell.swift */,
			);
			path = SearchResult;
			sourceTree = "<group>";
		};
		AB47BF4F2BECC21800553CC7 /* Model */ = {
			isa = PBXGroup;
			children = (
				AB47BF502BECC23600553CC7 /* Book.swift */,
				AB47BF522BECC5A200553CC7 /* BookManager.swift */,
			);
			path = Model;
			sourceTree = "<group>";
		};
/* End PBXGroup section */

/* Begin PBXNativeTarget section */
		AB47BF222BEA352700553CC7 /* ch5_BookApp */ = {
			isa = PBXNativeTarget;
			buildConfigurationList = AB47BF372BEA352800553CC7 /* Build configuration list for PBXNativeTarget "ch5_BookApp" */;
			buildPhases = (
				AB47BF1F2BEA352700553CC7 /* Sources */,
				AB47BF202BEA352700553CC7 /* Frameworks */,
				AB47BF212BEA352700553CC7 /* Resources */,
			);
			buildRules = (
			);
			dependencies = (
			);
			name = ch5_BookApp;
			productName = ch5_BookApp;
			productReference = AB47BF232BEA352700553CC7 /* ch5_BookApp.app */;
			productType = "com.apple.product-type.application";
		};
/* End PBXNativeTarget section */

/* Begin PBXProject section */
		AB47BF1B2BEA352700553CC7 /* Project object */ = {
			isa = PBXProject;
			attributes = {
				BuildIndependentTargetsInParallel = 1;
				LastSwiftUpdateCheck = 1530;
				LastUpgradeCheck = 1530;
				TargetAttributes = {
					AB47BF222BEA352700553CC7 = {
						CreatedOnToolsVersion = 15.3;
					};
				};
			};
			buildConfigurationList = AB47BF1E2BEA352700553CC7 /* Build configuration list for PBXProject "ch5_BookApp" */;
			compatibilityVersion = "Xcode 14.0";
			developmentRegion = en;
			hasScannedForEncodings = 0;
			knownRegions = (
				en,
				Base,
			);
			mainGroup = AB47BF1A2BEA352700553CC7;
			productRefGroup = AB47BF242BEA352700553CC7 /* Products */;
			projectDirPath = "";
			projectRoot = "";
			targets = (
				AB47BF222BEA352700553CC7 /* ch5_BookApp */,
			);
		};
/* End PBXProject section */

/* Begin PBXResourcesBuildPhase section */
		AB47BF212BEA352700553CC7 /* Resources */ = {
			isa = PBXResourcesBuildPhase;
			buildActionMask = 2147483647;
			files = (
				AB47BF302BEA352800553CC7 /* Assets.xcassets in Resources */,
				AB47BF332BEA352800553CC7 /* Base in Resources */,
				AB47BF2E2BEA352700553CC7 /* Base in Resources */,
			);
			runOnlyForDeploymentPostprocessing = 0;
		};
/* End PBXResourcesBuildPhase section */

/* Begin PBXSourcesBuildPhase section */
		AB47BF1F2BEA352700553CC7 /* Sources */ = {
			isa = PBXSourcesBuildPhase;
			buildActionMask = 2147483647;
			files = (
				AB47BF422BEB84A900553CC7 /* MainVCTableCell.swift in Sources */,
				AB47BF2B2BEA352700553CC7 /* ViewController.swift in Sources */,
				AB47BF482BEBAFFC00553CC7 /* SearchResultTableCell.swift in Sources */,
				AB47BF3B2BEA3A6000553CC7 /* MainVC.swift in Sources */,
				AB47BF532BECC5A200553CC7 /* BookManager.swift in Sources */,
				AB47BF4A2BEBBDC900553CC7 /* SearchResultCollectionCell.swift in Sources */,
				AB47BF4E2BEC846000553CC7 /* DetailVC.swift in Sources */,
				AB47BF272BEA352700553CC7 /* AppDelegate.swift in Sources */,
				AB47BF3D2BEA3FC900553CC7 /* BookListVC.swift in Sources */,
				AB47BF3F2BEA570000553CC7 /* TabBarVC.swift in Sources */,
				AB47BF442BEB855800553CC7 /* MainVCCollectionVCell.swift in Sources */,
				AB47BF4C2BEBD36D00553CC7 /* SavedBookTableViewCell.swift in Sources */,
				AB47BF512BECC23600553CC7 /* Book.swift in Sources */,
				AB47BF292BEA352700553CC7 /* SceneDelegate.swift in Sources */,
			);
			runOnlyForDeploymentPostprocessing = 0;
		};
/* End PBXSourcesBuildPhase section */

/* Begin PBXVariantGroup section */
		AB47BF2C2BEA352700553CC7 /* Main.storyboard */ = {
			isa = PBXVariantGroup;
			children = (
				AB47BF2D2BEA352700553CC7 /* Base */,
			);
			name = Main.storyboard;
			sourceTree = "<group>";
		};
		AB47BF312BEA352800553CC7 /* LaunchScreen.storyboard */ = {
			isa = PBXVariantGroup;
			children = (
				AB47BF322BEA352800553CC7 /* Base */,
			);
			name = LaunchScreen.storyboard;
			sourceTree = "<group>";
		};
/* End PBXVariantGroup section */

/* Begin XCBuildConfiguration section */
		AB47BF352BEA352800553CC7 /* Debug */ = {
			isa = XCBuildConfiguration;
			buildSettings = {
				ALWAYS_SEARCH_USER_PATHS = NO;
				ASSETCATALOG_COMPILER_GENERATE_SWIFT_ASSET_SYMBOL_EXTENSIONS = YES;
				CLANG_ANALYZER_NONNULL = YES;
				CLANG_ANALYZER_NUMBER_OBJECT_CONVERSION = YES_AGGRESSIVE;
				CLANG_CXX_LANGUAGE_STANDARD = "gnu++20";
				CLANG_ENABLE_MODULES = YES;
				CLANG_ENABLE_OBJC_ARC = YES;
				CLANG_ENABLE_OBJC_WEAK = YES;
				CLANG_WARN_BLOCK_CAPTURE_AUTORELEASING = YES;
				CLANG_WARN_BOOL_CONVERSION = YES;
				CLANG_WARN_COMMA = YES;
				CLANG_WARN_CONSTANT_CONVERSION = YES;
				CLANG_WARN_DEPRECATED_OBJC_IMPLEMENTATIONS = YES;
				CLANG_WARN_DIRECT_OBJC_ISA_USAGE = YES_ERROR;
				CLANG_WARN_DOCUMENTATION_COMMENTS = YES;
				CLANG_WARN_EMPTY_BODY = YES;
				CLANG_WARN_ENUM_CONVERSION = YES;
				CLANG_WARN_INFINITE_RECURSION = YES;
				CLANG_WARN_INT_CONVERSION = YES;
				CLANG_WARN_NON_LITERAL_NULL_CONVERSION = YES;
				CLANG_WARN_OBJC_IMPLICIT_RETAIN_SELF = YES;
				CLANG_WARN_OBJC_LITERAL_CONVERSION = YES;
				CLANG_WARN_OBJC_ROOT_CLASS = YES_ERROR;
				CLANG_WARN_QUOTED_INCLUDE_IN_FRAMEWORK_HEADER = YES;
				CLANG_WARN_RANGE_LOOP_ANALYSIS = YES;
				CLANG_WARN_STRICT_PROTOTYPES = YES;
				CLANG_WARN_SUSPICIOUS_MOVE = YES;
				CLANG_WARN_UNGUARDED_AVAILABILITY = YES_AGGRESSIVE;
				CLANG_WARN_UNREACHABLE_CODE = YES;
				CLANG_WARN__DUPLICATE_METHOD_MATCH = YES;
				COPY_PHASE_STRIP = NO;
				DEBUG_INFORMATION_FORMAT = dwarf;
				ENABLE_STRICT_OBJC_MSGSEND = YES;
				ENABLE_TESTABILITY = YES;
				ENABLE_USER_SCRIPT_SANDBOXING = YES;
				GCC_C_LANGUAGE_STANDARD = gnu17;
				GCC_DYNAMIC_NO_PIC = NO;
				GCC_NO_COMMON_BLOCKS = YES;
				GCC_OPTIMIZATION_LEVEL = 0;
				GCC_PREPROCESSOR_DEFINITIONS = (
					"DEBUG=1",
					"$(inherited)",
				);
				GCC_WARN_64_TO_32_BIT_CONVERSION = YES;
				GCC_WARN_ABOUT_RETURN_TYPE = YES_ERROR;
				GCC_WARN_UNDECLARED_SELECTOR = YES;
				GCC_WARN_UNINITIALIZED_AUTOS = YES_AGGRESSIVE;
				GCC_WARN_UNUSED_FUNCTION = YES;
				GCC_WARN_UNUSED_VARIABLE = YES;
				IPHONEOS_DEPLOYMENT_TARGET = 17.4;
				LOCALIZATION_PREFERS_STRING_CATALOGS = YES;
				MTL_ENABLE_DEBUG_INFO = INCLUDE_SOURCE;
				MTL_FAST_MATH = YES;
				ONLY_ACTIVE_ARCH = YES;
				SDKROOT = iphoneos;
				SWIFT_ACTIVE_COMPILATION_CONDITIONS = "DEBUG $(inherited)";
				SWIFT_OPTIMIZATION_LEVEL = "-Onone";
			};
			name = Debug;
		};
		AB47BF362BEA352800553CC7 /* Release */ = {
			isa = XCBuildConfiguration;
			buildSettings = {
				ALWAYS_SEARCH_USER_PATHS = NO;
				ASSETCATALOG_COMPILER_GENERATE_SWIFT_ASSET_SYMBOL_EXTENSIONS = YES;
				CLANG_ANALYZER_NONNULL = YES;
				CLANG_ANALYZER_NUMBER_OBJECT_CONVERSION = YES_AGGRESSIVE;
				CLANG_CXX_LANGUAGE_STANDARD = "gnu++20";
				CLANG_ENABLE_MODULES = YES;
				CLANG_ENABLE_OBJC_ARC = YES;
				CLANG_ENABLE_OBJC_WEAK = YES;
				CLANG_WARN_BLOCK_CAPTURE_AUTORELEASING = YES;
				CLANG_WARN_BOOL_CONVERSION = YES;
				CLANG_WARN_COMMA = YES;
				CLANG_WARN_CONSTANT_CONVERSION = YES;
				CLANG_WARN_DEPRECATED_OBJC_IMPLEMENTATIONS = YES;
				CLANG_WARN_DIRECT_OBJC_ISA_USAGE = YES_ERROR;
				CLANG_WARN_DOCUMENTATION_COMMENTS = YES;
				CLANG_WARN_EMPTY_BODY = YES;
				CLANG_WARN_ENUM_CONVERSION = YES;
				CLANG_WARN_INFINITE_RECURSION = YES;
				CLANG_WARN_INT_CONVERSION = YES;
				CLANG_WARN_NON_LITERAL_NULL_CONVERSION = YES;
				CLANG_WARN_OBJC_IMPLICIT_RETAIN_SELF = YES;
				CLANG_WARN_OBJC_LITERAL_CONVERSION = YES;
				CLANG_WARN_OBJC_ROOT_CLASS = YES_ERROR;
				CLANG_WARN_QUOTED_INCLUDE_IN_FRAMEWORK_HEADER = YES;
				CLANG_WARN_RANGE_LOOP_ANALYSIS = YES;
				CLANG_WARN_STRICT_PROTOTYPES = YES;
				CLANG_WARN_SUSPICIOUS_MOVE = YES;
				CLANG_WARN_UNGUARDED_AVAILABILITY = YES_AGGRESSIVE;
				CLANG_WARN_UNREACHABLE_CODE = YES;
				CLANG_WARN__DUPLICATE_METHOD_MATCH = YES;
				COPY_PHASE_STRIP = NO;
				DEBUG_INFORMATION_FORMAT = "dwarf-with-dsym";
				ENABLE_NS_ASSERTIONS = NO;
				ENABLE_STRICT_OBJC_MSGSEND = YES;
				ENABLE_USER_SCRIPT_SANDBOXING = YES;
				GCC_C_LANGUAGE_STANDARD = gnu17;
				GCC_NO_COMMON_BLOCKS = YES;
				GCC_WARN_64_TO_32_BIT_CONVERSION = YES;
				GCC_WARN_ABOUT_RETURN_TYPE = YES_ERROR;
				GCC_WARN_UNDECLARED_SELECTOR = YES;
				GCC_WARN_UNINITIALIZED_AUTOS = YES_AGGRESSIVE;
				GCC_WARN_UNUSED_FUNCTION = YES;
				GCC_WARN_UNUSED_VARIABLE = YES;
				IPHONEOS_DEPLOYMENT_TARGET = 17.4;
				LOCALIZATION_PREFERS_STRING_CATALOGS = YES;
				MTL_ENABLE_DEBUG_INFO = NO;
				MTL_FAST_MATH = YES;
				SDKROOT = iphoneos;
				SWIFT_COMPILATION_MODE = wholemodule;
				VALIDATE_PRODUCT = YES;
			};
			name = Release;
		};
		AB47BF382BEA352800553CC7 /* Debug */ = {
			isa = XCBuildConfiguration;
			buildSettings = {
				ASSETCATALOG_COMPILER_APPICON_NAME = AppIcon;
				ASSETCATALOG_COMPILER_GLOBAL_ACCENT_COLOR_NAME = AccentColor;
				CODE_SIGN_STYLE = Automatic;
				CURRENT_PROJECT_VERSION = 1;
				DEVELOPMENT_TEAM = 6794YDXXFY;
				GENERATE_INFOPLIST_FILE = YES;
				INFOPLIST_FILE = ch5_BookApp/Info.plist;
				INFOPLIST_KEY_UIApplicationSupportsIndirectInputEvents = YES;
				INFOPLIST_KEY_UILaunchStoryboardName = LaunchScreen;
				INFOPLIST_KEY_UIMainStoryboardFile = Main;
				INFOPLIST_KEY_UISupportedInterfaceOrientations_iPad = "UIInterfaceOrientationPortrait UIInterfaceOrientationPortraitUpsideDown UIInterfaceOrientationLandscapeLeft UIInterfaceOrientationLandscapeRight";
				INFOPLIST_KEY_UISupportedInterfaceOrientations_iPhone = "UIInterfaceOrientationPortrait UIInterfaceOrientationLandscapeLeft UIInterfaceOrientationLandscapeRight";
				LD_RUNPATH_SEARCH_PATHS = (
					"$(inherited)",
					"@executable_path/Frameworks",
				);
				MARKETING_VERSION = 1.0;
				PRODUCT_BUNDLE_IDENTIFIER = "com.hee.ch5-BookApp";
				PRODUCT_NAME = "$(TARGET_NAME)";
				SWIFT_EMIT_LOC_STRINGS = YES;
				SWIFT_VERSION = 5.0;
				TARGETED_DEVICE_FAMILY = "1,2";
			};
			name = Debug;
		};
		AB47BF392BEA352800553CC7 /* Release */ = {
			isa = XCBuildConfiguration;
			buildSettings = {
				ASSETCATALOG_COMPILER_APPICON_NAME = AppIcon;
				ASSETCATALOG_COMPILER_GLOBAL_ACCENT_COLOR_NAME = AccentColor;
				CODE_SIGN_STYLE = Automatic;
				CURRENT_PROJECT_VERSION = 1;
				DEVELOPMENT_TEAM = 6794YDXXFY;
				GENERATE_INFOPLIST_FILE = YES;
				INFOPLIST_FILE = ch5_BookApp/Info.plist;
				INFOPLIST_KEY_UIApplicationSupportsIndirectInputEvents = YES;
				INFOPLIST_KEY_UILaunchStoryboardName = LaunchScreen;
				INFOPLIST_KEY_UIMainStoryboardFile = Main;
				INFOPLIST_KEY_UISupportedInterfaceOrientations_iPad = "UIInterfaceOrientationPortrait UIInterfaceOrientationPortraitUpsideDown UIInterfaceOrientationLandscapeLeft UIInterfaceOrientationLandscapeRight";
				INFOPLIST_KEY_UISupportedInterfaceOrientations_iPhone = "UIInterfaceOrientationPortrait UIInterfaceOrientationLandscapeLeft UIInterfaceOrientationLandscapeRight";
				LD_RUNPATH_SEARCH_PATHS = (
					"$(inherited)",
					"@executable_path/Frameworks",
				);
				MARKETING_VERSION = 1.0;
				PRODUCT_BUNDLE_IDENTIFIER = "com.hee.ch5-BookApp";
				PRODUCT_NAME = "$(TARGET_NAME)";
				SWIFT_EMIT_LOC_STRINGS = YES;
				SWIFT_VERSION = 5.0;
				TARGETED_DEVICE_FAMILY = "1,2";
			};
			name = Release;
		};
/* End XCBuildConfiguration section */

/* Begin XCConfigurationList section */
		AB47BF1E2BEA352700553CC7 /* Build configuration list for PBXProject "ch5_BookApp" */ = {
			isa = XCConfigurationList;
			buildConfigurations = (
				AB47BF352BEA352800553CC7 /* Debug */,
				AB47BF362BEA352800553CC7 /* Release */,
			);
			defaultConfigurationIsVisible = 0;
			defaultConfigurationName = Release;
		};
		AB47BF372BEA352800553CC7 /* Build configuration list for PBXNativeTarget "ch5_BookApp" */ = {
			isa = XCConfigurationList;
			buildConfigurations = (
				AB47BF382BEA352800553CC7 /* Debug */,
				AB47BF392BEA352800553CC7 /* Release */,
			);
			defaultConfigurationIsVisible = 0;
			defaultConfigurationName = Release;
		};
/* End XCConfigurationList section */
	};
	rootObject = AB47BF1B2BEA352700553CC7 /* Project object */;
}
